speakeasyVersion: 1.580.1
sources:
    Testify API:
        sourceNamespace: testify-api
        sourceRevisionDigest: sha256:5c71bd34bf851380b064f4f8747c6dfaa0a93048cd97cac6978cf758588d2ed1
        sourceBlobDigest: sha256:8a98ef35ebd984cbf8a43bb2393ae6bf16a9f858daec8362ca2b89f632023762
        tags:
            - latest
            - speakeasy-sdk-regen-1752112057
            - 1.0.0
targets:
    testify:
        source: Testify API
        sourceNamespace: testify-api
        sourceRevisionDigest: sha256:5c71bd34bf851380b064f4f8747c6dfaa0a93048cd97cac6978cf758588d2ed1
        sourceBlobDigest: sha256:8a98ef35ebd984cbf8a43bb2393ae6bf16a9f858daec8362ca2b89f632023762
        codeSamplesNamespace: testify-api-typescript-code-samples
        codeSamplesRevisionDigest: sha256:8d7a74ecf6dbfa917541811431f38947bf6b499989187cd5b03a8aaf272848be
workflow:
    workflowVersion: 1.0.0
    speakeasyVersion: latest
    sources:
        Testify API:
            inputs:
                - location: https://usetestify.xyz/api/doc
            overlays:
                - location: .speakeasy/speakeasy-modifications-overlay.yaml
            registry:
                location: registry.speakeasyapi.dev/hov/noelrohi/testify-api
    targets:
        testify:
            target: typescript
            source: Testify API
            publish:
                npm:
                    token: $npm_token
            codeSamples:
                registry:
                    location: registry.speakeasyapi.dev/hov/noelrohi/testify-api-typescript-code-samples
                labelOverride:
                    fixedValue: Typescript (SDK)
                blocking: false
