speakeasyVersion: 1.543.4
sources:
    Testify API:
        sourceNamespace: testify-api
        sourceRevisionDigest: sha256:3544108d3cfb70dba133f41dad6277866dc1a2688c2751c7b880d35dd84bac8d
        sourceBlobDigest: sha256:63604a684c097ad5d79d0a0eb66ab64b454b2728f5c3ad88e3a5ceb7a7a89745
        tags:
            - latest
            - 1.0.0
targets:
    testify:
        source: Testify API
        sourceNamespace: testify-api
        sourceRevisionDigest: sha256:3544108d3cfb70dba133f41dad6277866dc1a2688c2751c7b880d35dd84bac8d
        sourceBlobDigest: sha256:63604a684c097ad5d79d0a0eb66ab64b454b2728f5c3ad88e3a5ceb7a7a89745
        codeSamplesNamespace: testify-api-typescript-code-samples
        codeSamplesRevisionDigest: sha256:04eed33c413a216a1da49147d4a8f2a2481faf05808ee27618b05f419f6e0428
workflow:
    workflowVersion: 1.0.0
    speakeasyVersion: latest
    sources:
        Testify API:
            inputs:
                - location: https://usetestify.xyz/api/doc
            overlays:
                - location: .speakeasy/speakeasy-modifications-overlay.yaml
            registry:
                location: registry.speakeasyapi.dev/hov/noelrohi/testify-api
    targets:
        testify:
            target: typescript
            source: Testify API
            publish:
                npm:
                    token: $npm_token
            codeSamples:
                registry:
                    location: registry.speakeasyapi.dev/hov/noelrohi/testify-api-typescript-code-samples
                labelOverride:
                    fixedValue: Typescript (SDK)
                blocking: false
