speakeasyVersion: 1.543.4
sources:
    Testify API:
        sourceNamespace: testify-api
        sourceRevisionDigest: sha256:1eef5e4a238a7c15a5bf723cf8e52e233bd1db180b1219856ac143ae70640263
        sourceBlobDigest: sha256:9dea01a629a96143a2bb9fec593a08b7e26bd2a00b1a033bd5f73357c784a69a
        tags:
            - latest
            - speakeasy-sdk-regen-1746927932
            - 1.0.0
targets:
    testify:
        source: Testify API
        sourceNamespace: testify-api
        sourceRevisionDigest: sha256:1eef5e4a238a7c15a5bf723cf8e52e233bd1db180b1219856ac143ae70640263
        sourceBlobDigest: sha256:9dea01a629a96143a2bb9fec593a08b7e26bd2a00b1a033bd5f73357c784a69a
        codeSamplesNamespace: testify-api-typescript-code-samples
        codeSamplesRevisionDigest: sha256:51fc3d7faad3ef3ba69170f6e221ac233470d7be872a325a68c1b2c8a1d48100
workflow:
    workflowVersion: 1.0.0
    speakeasyVersion: latest
    sources:
        Testify API:
            inputs:
                - location: https://usetestify.xyz/api/doc
            overlays:
                - location: .speakeasy/speakeasy-modifications-overlay.yaml
            registry:
                location: registry.speakeasyapi.dev/hov/noelrohi/testify-api
    targets:
        testify:
            target: typescript
            source: Testify API
            publish:
                npm:
                    token: $npm_token
            codeSamples:
                registry:
                    location: registry.speakeasyapi.dev/hov/noelrohi/testify-api-typescript-code-samples
                labelOverride:
                    fixedValue: Typescript (SDK)
                blocking: false
